
Microsoft Visual Studio Solution File, Format Version 12.00
# Visual Studio Version 17
VisualStudioVersion = 17.4.33110.190
MinimumVisualStudioVersion = 10.0.40219.1
Project("{9A19103F-16F7-4668-BE54-9A1E7A4F7556}") = "ConsoleApp", "ConsoleApp\ConsoleApp.csproj", "{9DB23224-D521-4C93-8FAB-656A268E6B28}"
EndProject
Project("{9A19103F-16F7-4668-BE54-9A1E7A4F7556}") = "Services.Abstractions", "Services.Abstractions\Services.Abstractions.csproj", "{CA97BCF7-A99B-4E95-B0D5-DE48D49A31F7}"
EndProject
Project("{2150E333-8FDC-42A3-9474-1A3956D46DE8}") = "GuessNumberGame", "GuessNumberGame", "{8CF879E4-F3E7-4FA8-A9BD-6219145C0499}"
EndProject
Project("{9A19103F-16F7-4668-BE54-9A1E7A4F7556}") = "GuessNumberGame.RequiredServices.Abstractions", "GuessNumberGame\GuessNumberGame.RequiredServices.Abstractions\GuessNumberGame.RequiredServices.Abstractions.csproj", "{C7475DA7-5C69-4236-AB4C-BC64EB3E73E9}"
EndProject
Project("{9A19103F-16F7-4668-BE54-9A1E7A4F7556}") = "GuessNumberGame", "GuessNumberGame\GuessNumberGame\GuessNumberGame.csproj", "{0A7F5B9A-E64B-4384-8D39-F6925CF06982}"
EndProject
Global
	GlobalSection(SolutionConfigurationPlatforms) = preSolution
		Debug|Any CPU = Debug|Any CPU
		Release|Any CPU = Release|Any CPU
	EndGlobalSection
	GlobalSection(ProjectConfigurationPlatforms) = postSolution
		{9DB23224-D521-4C93-8FAB-656A268E6B28}.Debug|Any CPU.ActiveCfg = Debug|Any CPU
		{9DB23224-D521-4C93-8FAB-656A268E6B28}.Debug|Any CPU.Build.0 = Debug|Any CPU
		{9DB23224-D521-4C93-8FAB-656A268E6B28}.Release|Any CPU.ActiveCfg = Release|Any CPU
		{9DB23224-D521-4C93-8FAB-656A268E6B28}.Release|Any CPU.Build.0 = Release|Any CPU
		{CA97BCF7-A99B-4E95-B0D5-DE48D49A31F7}.Debug|Any CPU.ActiveCfg = Debug|Any CPU
		{CA97BCF7-A99B-4E95-B0D5-DE48D49A31F7}.Debug|Any CPU.Build.0 = Debug|Any CPU
		{CA97BCF7-A99B-4E95-B0D5-DE48D49A31F7}.Release|Any CPU.ActiveCfg = Release|Any CPU
		{CA97BCF7-A99B-4E95-B0D5-DE48D49A31F7}.Release|Any CPU.Build.0 = Release|Any CPU
		{C7475DA7-5C69-4236-AB4C-BC64EB3E73E9}.Debug|Any CPU.ActiveCfg = Debug|Any CPU
		{C7475DA7-5C69-4236-AB4C-BC64EB3E73E9}.Debug|Any CPU.Build.0 = Debug|Any CPU
		{C7475DA7-5C69-4236-AB4C-BC64EB3E73E9}.Release|Any CPU.ActiveCfg = Release|Any CPU
		{C7475DA7-5C69-4236-AB4C-BC64EB3E73E9}.Release|Any CPU.Build.0 = Release|Any CPU
		{0A7F5B9A-E64B-4384-8D39-F6925CF06982}.Debug|Any CPU.ActiveCfg = Debug|Any CPU
		{0A7F5B9A-E64B-4384-8D39-F6925CF06982}.Debug|Any CPU.Build.0 = Debug|Any CPU
		{0A7F5B9A-E64B-4384-8D39-F6925CF06982}.Release|Any CPU.ActiveCfg = Release|Any CPU
		{0A7F5B9A-E64B-4384-8D39-F6925CF06982}.Release|Any CPU.Build.0 = Release|Any CPU
	EndGlobalSection
	GlobalSection(SolutionProperties) = preSolution
		HideSolutionNode = FALSE
	EndGlobalSection
	GlobalSection(NestedProjects) = preSolution
		{C7475DA7-5C69-4236-AB4C-BC64EB3E73E9} = {8CF879E4-F3E7-4FA8-A9BD-6219145C0499}
		{0A7F5B9A-E64B-4384-8D39-F6925CF06982} = {8CF879E4-F3E7-4FA8-A9BD-6219145C0499}
	EndGlobalSection
	GlobalSection(ExtensibilityGlobals) = postSolution
		SolutionGuid = {24938069-87EA-4283-BC1D-E824B906AF65}
	EndGlobalSection
EndGlobal
